
Microsoft Visual Studio Solution File, Format Version 12.00
# Visual Studio Version 17
VisualStudioVersion = 17.7.34024.191
MinimumVisualStudioVersion = 10.0.40219.1
Project("{FAE04EC0-301F-11D3-BF4B-00C04F79EFBC}") = "valve_take_my_money", "valve_take_my_money\valve_take_my_money.csproj", "{DE23A6CC-3345-43CD-92CD-1373BFC100D6}"
EndProject
Global
	GlobalSection(SolutionConfigurationPlatforms) = preSolution
		Debug|Any CPU = Debug|Any CPU
		Release|Any CPU = Release|Any CPU
	EndGlobalSection
	GlobalSection(ProjectConfigurationPlatforms) = postSolution
		{DE23A6CC-3345-43CD-92CD-1373BFC100D6}.Debug|Any CPU.ActiveCfg = Debug|Any CPU
		{DE23A6CC-3345-43CD-92CD-1373BFC100D6}.Debug|Any CPU.Build.0 = Debug|Any CPU
		{DE23A6CC-3345-43CD-92CD-1373BFC100D6}.Release|Any CPU.ActiveCfg = Release|Any CPU
		{DE23A6CC-3345-43CD-92CD-1373BFC100D6}.Release|Any CPU.Build.0 = Release|Any CPU
	EndGlobalSection
	GlobalSection(SolutionProperties) = preSolution
		HideSolutionNode = FALSE
	EndGlobalSection
	GlobalSection(ExtensibilityGlobals) = postSolution
		SolutionGuid = {4974430C-5AC9-4F28-B191-CE697814291B}
	EndGlobalSection
EndGlobal
